
Microsoft Visual Studio Solution File, Format Version 12.00
# Visual Studio 15
VisualStudioVersion = 15.0.26730.12
MinimumVisualStudioVersion = 10.0.40219.1
Project("{FAE04EC0-301F-11D3-BF4B-00C04F79EFBC}") = "Ajf.Nuget.TplinkSmartplug", "Ajf.Nuget.TplinkSmartplug\Ajf.Nuget.TplinkSmartplug.csproj", "{B4C0799C-4737-4543-8976-AF0B2CB65EEF}"
EndProject
Project("{FAE04EC0-301F-11D3-BF4B-00C04F79EFBC}") = "Ajf.Nuget.TplinkSmartplug.Tests", "Ajf.Nuget.TplinkSmartplug.Tests\Ajf.Nuget.TplinkSmartplug.Tests.csproj", "{926F87EF-A5E4-49AA-B386-6DB6C321D42F}"
EndProject
Global
	GlobalSection(SolutionConfigurationPlatforms) = preSolution
		Debug|Any CPU = Debug|Any CPU
		Release|Any CPU = Release|Any CPU
	EndGlobalSection
	GlobalSection(ProjectConfigurationPlatforms) = postSolution
		{B4C0799C-4737-4543-8976-AF0B2CB65EEF}.Debug|Any CPU.ActiveCfg = Debug|Any CPU
		{B4C0799C-4737-4543-8976-AF0B2CB65EEF}.Debug|Any CPU.Build.0 = Debug|Any CPU
		{B4C0799C-4737-4543-8976-AF0B2CB65EEF}.Release|Any CPU.ActiveCfg = Release|Any CPU
		{B4C0799C-4737-4543-8976-AF0B2CB65EEF}.Release|Any CPU.Build.0 = Release|Any CPU
		{926F87EF-A5E4-49AA-B386-6DB6C321D42F}.Debug|Any CPU.ActiveCfg = Debug|Any CPU
		{926F87EF-A5E4-49AA-B386-6DB6C321D42F}.Debug|Any CPU.Build.0 = Debug|Any CPU
		{926F87EF-A5E4-49AA-B386-6DB6C321D42F}.Release|Any CPU.ActiveCfg = Release|Any CPU
		{926F87EF-A5E4-49AA-B386-6DB6C321D42F}.Release|Any CPU.Build.0 = Release|Any CPU
	EndGlobalSection
	GlobalSection(SolutionProperties) = preSolution
		HideSolutionNode = FALSE
	EndGlobalSection
	GlobalSection(ExtensibilityGlobals) = postSolution
		SolutionGuid = {C914A2CA-C8BB-46F1-8215-E9DD50233860}
	EndGlobalSection
EndGlobal
